// !$*UTF8*$!
{
	archiveVersion = 1;
	classes = {
	};
	objectVersion = 50;
	objects = {

/* Begin PBXBuildFile section */
		5B13FEC6233F4427007227E9 /* AppDelegate.swift in Sources */ = {isa = PBXBuildFile; fileRef = 5B13FEC5233F4427007227E9 /* AppDelegate.swift */; };
		5B13FEC8233F4427007227E9 /* SceneDelegate.swift in Sources */ = {isa = PBXBuildFile; fileRef = 5B13FEC7233F4427007227E9 /* SceneDelegate.swift */; };
		5B13FECD233F4427007227E9 /* Main.storyboard in Resources */ = {isa = PBXBuildFile; fileRef = 5B13FECB233F4427007227E9 /* Main.storyboard */; };
		5B13FECF233F4429007227E9 /* Assets.xcassets in Resources */ = {isa = PBXBuildFile; fileRef = 5B13FECE233F4429007227E9 /* Assets.xcassets */; };
		5B13FED2233F4429007227E9 /* LaunchScreen.storyboard in Resources */ = {isa = PBXBuildFile; fileRef = 5B13FED0233F4429007227E9 /* LaunchScreen.storyboard */; };
		5B13FEDA233F4490007227E9 /* Registration.swift in Sources */ = {isa = PBXBuildFile; fileRef = 5B13FED9233F4490007227E9 /* Registration.swift */; };
		5B13FEDD233F44C7007227E9 /* RegistrationTableViewController.swift in Sources */ = {isa = PBXBuildFile; fileRef = 5B13FEDC233F44C7007227E9 /* RegistrationTableViewController.swift */; };
		5B13FEE0233F450F007227E9 /* RoomType.swift in Sources */ = {isa = PBXBuildFile; fileRef = 5B13FEDF233F450F007227E9 /* RoomType.swift */; };
		5B1E883F233F8784001C8892 /* RoomSelectionTableViewController.swift in Sources */ = {isa = PBXBuildFile; fileRef = 5B1E883E233F8784001C8892 /* RoomSelectionTableViewController.swift */; };
/* End PBXBuildFile section */

/* Begin PBXFileReference section */
		5B13FEC2233F4427007227E9 /* Meridian Hotel Registration Form.app */ = {isa = PBXFileReference; explicitFileType = wrapper.application; includeInIndex = 0; path = "Meridian Hotel Registration Form.app"; sourceTree = BUILT_PRODUCTS_DIR; };
		5B13FEC5233F4427007227E9 /* AppDelegate.swift */ = {isa = PBXFileReference; lastKnownFileType = sourcecode.swift; path = AppDelegate.swift; sourceTree = "<group>"; };
		5B13FEC7233F4427007227E9 /* SceneDelegate.swift */ = {isa = PBXFileReference; lastKnownFileType = sourcecode.swift; path = SceneDelegate.swift; sourceTree = "<group>"; };
		5B13FECC233F4427007227E9 /* Base */ = {isa = PBXFileReference; lastKnownFileType = file.storyboard; name = Base; path = Base.lproj/Main.storyboard; sourceTree = "<group>"; };
		5B13FECE233F4429007227E9 /* Assets.xcassets */ = {isa = PBXFileReference; lastKnownFileType = folder.assetcatalog; path = Assets.xcassets; sourceTree = "<group>"; };
		5B13FED1233F4429007227E9 /* Base */ = {isa = PBXFileReference; lastKnownFileType = file.storyboard; name = Base; path = Base.lproj/LaunchScreen.storyboard; sourceTree = "<group>"; };
		5B13FED3233F4429007227E9 /* Info.plist */ = {isa = PBXFileReference; lastKnownFileType = text.plist.xml; path = Info.plist; sourceTree = "<group>"; };
		5B13FED9233F4490007227E9 /* Registration.swift */ = {isa = PBXFileReference; lastKnownFileType = sourcecode.swift; path = Registration.swift; sourceTree = "<group>"; };
		5B13FEDC233F44C7007227E9 /* RegistrationTableViewController.swift */ = {isa = PBXFileReference; lastKnownFileType = sourcecode.swift; path = RegistrationTableViewController.swift; sourceTree = "<group>"; };
		5B13FEDF233F450F007227E9 /* RoomType.swift */ = {isa = PBXFileReference; lastKnownFileType = sourcecode.swift; path = RoomType.swift; sourceTree = "<group>"; };
		5B1E883E233F8784001C8892 /* RoomSelectionTableViewController.swift */ = {isa = PBXFileReference; lastKnownFileType = sourcecode.swift; path = RoomSelectionTableViewController.swift; sourceTree = "<group>"; };
/* End PBXFileReference section */

/* Begin PBXFrameworksBuildPhase section */
		5B13FEBF233F4427007227E9 /* Frameworks */ = {
			isa = PBXFrameworksBuildPhase;
			buildActionMask = 2147483647;
			files = (
			);
			runOnlyForDeploymentPostprocessing = 0;
		};
/* End PBXFrameworksBuildPhase section */

/* Begin PBXGroup section */
		5B13FEB9233F4427007227E9 = {
			isa = PBXGroup;
			children = (
				5B13FEC4233F4427007227E9 /* Meridian Hotel Registration Form */,
				5B13FEC3233F4427007227E9 /* Products */,
			);
			sourceTree = "<group>";
		};
		5B13FEC3233F4427007227E9 /* Products */ = {
			isa = PBXGroup;
			children = (
				5B13FEC2233F4427007227E9 /* Meridian Hotel Registration Form.app */,
			);
			name = Products;
			sourceTree = "<group>";
		};
		5B13FEC4233F4427007227E9 /* Meridian Hotel Registration Form */ = {
			isa = PBXGroup;
			children = (
				5B13FEDB233F44A4007227E9 /* Model */,
				5B13FEDE233F44D4007227E9 /* View Controller */,
				5B13FEC5233F4427007227E9 /* AppDelegate.swift */,
				5B13FEC7233F4427007227E9 /* SceneDelegate.swift */,
				5B13FECB233F4427007227E9 /* Main.storyboard */,
				5B13FECE233F4429007227E9 /* Assets.xcassets */,
				5B13FED0233F4429007227E9 /* LaunchScreen.storyboard */,
				5B13FED3233F4429007227E9 /* Info.plist */,
			);
			path = "Meridian Hotel Registration Form";
			sourceTree = "<group>";
		};
		5B13FEDB233F44A4007227E9 /* Model */ = {
			isa = PBXGroup;
			children = (
				5B13FED9233F4490007227E9 /* Registration.swift */,
				5B13FEDF233F450F007227E9 /* RoomType.swift */,
			);
			path = Model;
			sourceTree = "<group>";
		};
		5B13FEDE233F44D4007227E9 /* View Controller */ = {
			isa = PBXGroup;
			children = (
				5B13FEDC233F44C7007227E9 /* RegistrationTableViewController.swift */,
				5B1E883E233F8784001C8892 /* RoomSelectionTableViewController.swift */,
			);
			path = "View Controller";
			sourceTree = "<group>";
		};
/* End PBXGroup section */

/* Begin PBXNativeTarget section */
		5B13FEC1233F4427007227E9 /* Meridian Hotel Registration Form */ = {
			isa = PBXNativeTarget;
			buildConfigurationList = 5B13FED6233F4429007227E9 /* Build configuration list for PBXNativeTarget "Meridian Hotel Registration Form" */;
			buildPhases = (
				5B13FEBE233F4427007227E9 /* Sources */,
				5B13FEBF233F4427007227E9 /* Frameworks */,
				5B13FEC0233F4427007227E9 /* Resources */,
			);
			buildRules = (
			);
			dependencies = (
			);
			name = "Meridian Hotel Registration Form";
			productName = "Meridian Hotel Registration Form";
			productReference = 5B13FEC2233F4427007227E9 /* Meridian Hotel Registration Form.app */;
			productType = "com.apple.product-type.application";
		};
/* End PBXNativeTarget section */

/* Begin PBXProject section */
		5B13FEBA233F4427007227E9 /* Project object */ = {
			isa = PBXProject;
			attributes = {
				LastSwiftUpdateCheck = 1100;
				LastUpgradeCheck = 1100;
				ORGANIZATIONNAME = "Aleksey Popov";
				TargetAttributes = {
					5B13FEC1233F4427007227E9 = {
						CreatedOnToolsVersion = 11.0;
					};
				};
			};
			buildConfigurationList = 5B13FEBD233F4427007227E9 /* Build configuration list for PBXProject "Meridian Hotel Registration Form" */;
			compatibilityVersion = "Xcode 9.3";
			developmentRegion = en;
			hasScannedForEncodings = 0;
			knownRegions = (
				en,
				Base,
			);
			mainGroup = 5B13FEB9233F4427007227E9;
			productRefGroup = 5B13FEC3233F4427007227E9 /* Products */;
			projectDirPath = "";
			projectRoot = "";
			targets = (
				5B13FEC1233F4427007227E9 /* Meridian Hotel Registration Form */,
			);
		};
/* End PBXProject section */

/* Begin PBXResourcesBuildPhase section */
		5B13FEC0233F4427007227E9 /* Resources */ = {
			isa = PBXResourcesBuildPhase;
			buildActionMask = 2147483647;
			files = (
				5B13FED2233F4429007227E9 /* LaunchScreen.storyboard in Resources */,
				5B13FECF233F4429007227E9 /* Assets.xcassets in Resources */,
				5B13FECD233F4427007227E9 /* Main.storyboard in Resources */,
			);
			runOnlyForDeploymentPostprocessing = 0;
		};
/* End PBXResourcesBuildPhase section */

/* Begin PBXSourcesBuildPhase section */
		5B13FEBE233F4427007227E9 /* Sources */ = {
			isa = PBXSourcesBuildPhase;
			buildActionMask = 2147483647;
			files = (
				5B13FEC6233F4427007227E9 /* AppDelegate.swift in Sources */,
				5B13FEDA233F4490007227E9 /* Registration.swift in Sources */,
				5B13FEE0233F450F007227E9 /* RoomType.swift in Sources */,
				5B1E883F233F8784001C8892 /* RoomSelectionTableViewController.swift in Sources */,
				5B13FEDD233F44C7007227E9 /* RegistrationTableViewController.swift in Sources */,
				5B13FEC8233F4427007227E9 /* SceneDelegate.swift in Sources */,
			);
			runOnlyForDeploymentPostprocessing = 0;
		};
/* End PBXSourcesBuildPhase section */

/* Begin PBXVariantGroup section */
		5B13FECB233F4427007227E9 /* Main.storyboard */ = {
			isa = PBXVariantGroup;
			children = (
				5B13FECC233F4427007227E9 /* Base */,
			);
			name = Main.storyboard;
			sourceTree = "<group>";
		};
		5B13FED0233F4429007227E9 /* LaunchScreen.storyboard */ = {
			isa = PBXVariantGroup;
			children = (
				5B13FED1233F4429007227E9 /* Base */,
			);
			name = LaunchScreen.storyboard;
			sourceTree = "<group>";
		};
/* End PBXVariantGroup section */

/* Begin XCBuildConfiguration section */
		5B13FED4233F4429007227E9 /* Debug */ = {
			isa = XCBuildConfiguration;
			buildSettings = {
				ALWAYS_SEARCH_USER_PATHS = NO;
				CLANG_ANALYZER_NONNULL = YES;
				CLANG_ANALYZER_NUMBER_OBJECT_CONVERSION = YES_AGGRESSIVE;
				CLANG_CXX_LANGUAGE_STANDARD = "gnu++14";
				CLANG_CXX_LIBRARY = "libc++";
				CLANG_ENABLE_MODULES = YES;
				CLANG_ENABLE_OBJC_ARC = YES;
				CLANG_ENABLE_OBJC_WEAK = YES;
				CLANG_WARN_BLOCK_CAPTURE_AUTORELEASING = YES;
				CLANG_WARN_BOOL_CONVERSION = YES;
				CLANG_WARN_COMMA = YES;
				CLANG_WARN_CONSTANT_CONVERSION = YES;
				CLANG_WARN_DEPRECATED_OBJC_IMPLEMENTATIONS = YES;
				CLANG_WARN_DIRECT_OBJC_ISA_USAGE = YES_ERROR;
				CLANG_WARN_DOCUMENTATION_COMMENTS = YES;
				CLANG_WARN_EMPTY_BODY = YES;
				CLANG_WARN_ENUM_CONVERSION = YES;
				CLANG_WARN_INFINITE_RECURSION = YES;
				CLANG_WARN_INT_CONVERSION = YES;
				CLANG_WARN_NON_LITERAL_NULL_CONVERSION = YES;
				CLANG_WARN_OBJC_IMPLICIT_RETAIN_SELF = YES;
				CLANG_WARN_OBJC_LITERAL_CONVERSION = YES;
				CLANG_WARN_OBJC_ROOT_CLASS = YES_ERROR;
				CLANG_WARN_RANGE_LOOP_ANALYSIS = YES;
				CLANG_WARN_STRICT_PROTOTYPES = YES;
				CLANG_WARN_SUSPICIOUS_MOVE = YES;
				CLANG_WARN_UNGUARDED_AVAILABILITY = YES_AGGRESSIVE;
				CLANG_WARN_UNREACHABLE_CODE = YES;
				CLANG_WARN__DUPLICATE_METHOD_MATCH = YES;
				COPY_PHASE_STRIP = NO;
				DEBUG_INFORMATION_FORMAT = dwarf;
				ENABLE_STRICT_OBJC_MSGSEND = YES;
				ENABLE_TESTABILITY = YES;
				GCC_C_LANGUAGE_STANDARD = gnu11;
				GCC_DYNAMIC_NO_PIC = NO;
				GCC_NO_COMMON_BLOCKS = YES;
				GCC_OPTIMIZATION_LEVEL = 0;
				GCC_PREPROCESSOR_DEFINITIONS = (
					"DEBUG=1",
					"$(inherited)",
				);
				GCC_WARN_64_TO_32_BIT_CONVERSION = YES;
				GCC_WARN_ABOUT_RETURN_TYPE = YES_ERROR;
				GCC_WARN_UNDECLARED_SELECTOR = YES;
				GCC_WARN_UNINITIALIZED_AUTOS = YES_AGGRESSIVE;
				GCC_WARN_UNUSED_FUNCTION = YES;
				GCC_WARN_UNUSED_VARIABLE = YES;
				IPHONEOS_DEPLOYMENT_TARGET = 13.0;
				MTL_ENABLE_DEBUG_INFO = INCLUDE_SOURCE;
				MTL_FAST_MATH = YES;
				ONLY_ACTIVE_ARCH = YES;
				SDKROOT = iphoneos;
				SWIFT_ACTIVE_COMPILATION_CONDITIONS = DEBUG;
				SWIFT_OPTIMIZATION_LEVEL = "-Onone";
			};
			name = Debug;
		};
		5B13FED5233F4429007227E9 /* Release */ = {
			isa = XCBuildConfiguration;
			buildSettings = {
				ALWAYS_SEARCH_USER_PATHS = NO;
				CLANG_ANALYZER_NONNULL = YES;
				CLANG_ANALYZER_NUMBER_OBJECT_CONVERSION = YES_AGGRESSIVE;
				CLANG_CXX_LANGUAGE_STANDARD = "gnu++14";
				CLANG_CXX_LIBRARY = "libc++";
				CLANG_ENABLE_MODULES = YES;
				CLANG_ENABLE_OBJC_ARC = YES;
				CLANG_ENABLE_OBJC_WEAK = YES;
				CLANG_WARN_BLOCK_CAPTURE_AUTORELEASING = YES;
				CLANG_WARN_BOOL_CONVERSION = YES;
				CLANG_WARN_COMMA = YES;
				CLANG_WARN_CONSTANT_CONVERSION = YES;
				CLANG_WARN_DEPRECATED_OBJC_IMPLEMENTATIONS = YES;
				CLANG_WARN_DIRECT_OBJC_ISA_USAGE = YES_ERROR;
				CLANG_WARN_DOCUMENTATION_COMMENTS = YES;
				CLANG_WARN_EMPTY_BODY = YES;
				CLANG_WARN_ENUM_CONVERSION = YES;
				CLANG_WARN_INFINITE_RECURSION = YES;
				CLANG_WARN_INT_CONVERSION = YES;
				CLANG_WARN_NON_LITERAL_NULL_CONVERSION = YES;
				CLANG_WARN_OBJC_IMPLICIT_RETAIN_SELF = YES;
				CLANG_WARN_OBJC_LITERAL_CONVERSION = YES;
				CLANG_WARN_OBJC_ROOT_CLASS = YES_ERROR;
				CLANG_WARN_RANGE_LOOP_ANALYSIS = YES;
				CLANG_WARN_STRICT_PROTOTYPES = YES;
				CLANG_WARN_SUSPICIOUS_MOVE = YES;
				CLANG_WARN_UNGUARDED_AVAILABILITY = YES_AGGRESSIVE;
				CLANG_WARN_UNREACHABLE_CODE = YES;
				CLANG_WARN__DUPLICATE_METHOD_MATCH = YES;
				COPY_PHASE_STRIP = NO;
				DEBUG_INFORMATION_FORMAT = "dwarf-with-dsym";
				ENABLE_NS_ASSERTIONS = NO;
				ENABLE_STRICT_OBJC_MSGSEND = YES;
				GCC_C_LANGUAGE_STANDARD = gnu11;
				GCC_NO_COMMON_BLOCKS = YES;
				GCC_WARN_64_TO_32_BIT_CONVERSION = YES;
				GCC_WARN_ABOUT_RETURN_TYPE = YES_ERROR;
				GCC_WARN_UNDECLARED_SELECTOR = YES;
				GCC_WARN_UNINITIALIZED_AUTOS = YES_AGGRESSIVE;
				GCC_WARN_UNUSED_FUNCTION = YES;
				GCC_WARN_UNUSED_VARIABLE = YES;
				IPHONEOS_DEPLOYMENT_TARGET = 13.0;
				MTL_ENABLE_DEBUG_INFO = NO;
				MTL_FAST_MATH = YES;
				SDKROOT = iphoneos;
				SWIFT_COMPILATION_MODE = wholemodule;
				SWIFT_OPTIMIZATION_LEVEL = "-O";
				VALIDATE_PRODUCT = YES;
			};
			name = Release;
		};
		5B13FED7233F4429007227E9 /* Debug */ = {
			isa = XCBuildConfiguration;
			buildSettings = {
				ASSETCATALOG_COMPILER_APPICON_NAME = AppIcon;
				CODE_SIGN_STYLE = Automatic;
				DEVELOPMENT_TEAM = BNW4W975U5;
				INFOPLIST_FILE = "Meridian Hotel Registration Form/Info.plist";
				LD_RUNPATH_SEARCH_PATHS = (
					"$(inherited)",
					"@executable_path/Frameworks",
				);
				PRODUCT_BUNDLE_IDENTIFIER = "com.example.Meridian-Hotel-Registration-Form";
				PRODUCT_NAME = "$(TARGET_NAME)";
				SWIFT_VERSION = 5.0;
				TARGETED_DEVICE_FAMILY = "1,2";
			};
			name = Debug;
		};
		5B13FED8233F4429007227E9 /* Release */ = {
			isa = XCBuildConfiguration;
			buildSettings = {
				ASSETCATALOG_COMPILER_APPICON_NAME = AppIcon;
				CODE_SIGN_STYLE = Automatic;
				DEVELOPMENT_TEAM = BNW4W975U5;
				INFOPLIST_FILE = "Meridian Hotel Registration Form/Info.plist";
				LD_RUNPATH_SEARCH_PATHS = (
					"$(inherited)",
					"@executable_path/Frameworks",
				);
				PRODUCT_BUNDLE_IDENTIFIER = "com.example.Meridian-Hotel-Registration-Form";
				PRODUCT_NAME = "$(TARGET_NAME)";
				SWIFT_VERSION = 5.0;
				TARGETED_DEVICE_FAMILY = "1,2";
			};
			name = Release;
		};
/* End XCBuildConfiguration section */

/* Begin XCConfigurationList section */
		5B13FEBD233F4427007227E9 /* Build configuration list for PBXProject "Meridian Hotel Registration Form" */ = {
			isa = XCConfigurationList;
			buildConfigurations = (
				5B13FED4233F4429007227E9 /* Debug */,
				5B13FED5233F4429007227E9 /* Release */,
			);
			defaultConfigurationIsVisible = 0;
			defaultConfigurationName = Release;
		};
		5B13FED6233F4429007227E9 /* Build configuration list for PBXNativeTarget "Meridian Hotel Registration Form" */ = {
			isa = XCConfigurationList;
			buildConfigurations = (
				5B13FED7233F4429007227E9 /* Debug */,
				5B13FED8233F4429007227E9 /* Release */,
			);
			defaultConfigurationIsVisible = 0;
			defaultConfigurationName = Release;
		};
/* End XCConfigurationList section */
	};
	rootObject = 5B13FEBA233F4427007227E9 /* Project object */;
}
